
Microsoft Visual Studio Solution File, Format Version 12.00
# Visual Studio Version 17
VisualStudioVersion = 17.8.34408.163
MinimumVisualStudioVersion = 10.0.40219.1
Project("{FAE04EC0-301F-11D3-BF4B-00C04F79EFBC}") = "Mission6_Rasband", "Mission6_Rasband\Mission6_Rasband.csproj", "{F5B2944D-C53E-4D44-8F98-89EC0C03BA0A}"
EndProject
Global
	GlobalSection(SolutionConfigurationPlatforms) = preSolution
		Debug|Any CPU = Debug|Any CPU
		Release|Any CPU = Release|Any CPU
	EndGlobalSection
	GlobalSection(ProjectConfigurationPlatforms) = postSolution
		{F5B2944D-C53E-4D44-8F98-89EC0C03BA0A}.Debug|Any CPU.ActiveCfg = Debug|Any CPU
		{F5B2944D-C53E-4D44-8F98-89EC0C03BA0A}.Debug|Any CPU.Build.0 = Debug|Any CPU
		{F5B2944D-C53E-4D44-8F98-89EC0C03BA0A}.Release|Any CPU.ActiveCfg = Release|Any CPU
		{F5B2944D-C53E-4D44-8F98-89EC0C03BA0A}.Release|Any CPU.Build.0 = Release|Any CPU
	EndGlobalSection
	GlobalSection(SolutionProperties) = preSolution
		HideSolutionNode = FALSE
	EndGlobalSection
	GlobalSection(ExtensibilityGlobals) = postSolution
		SolutionGuid = {14BB6E53-7431-4ADA-81CC-650616AEB684}
	EndGlobalSection
EndGlobal
